// !$*UTF8*$!
{
	archiveVersion = 1;
	classes = {
	};
	objectVersion = 55;
	objects = {

/* Begin PBXBuildFile section */
		F050583C2F10E12600C744C1 /* JL_AdvParse.framework in Frameworks */ = {isa = PBXBuildFile; fileRef = F050582E2F10E0FA00C744C1 /* JL_AdvParse.framework */; };
		F050583D2F10E12600C744C1 /* JL_AdvParse.framework in Embed Frameworks */ = {isa = PBXBuildFile; fileRef = F050582E2F10E0FA00C744C1 /* JL_AdvParse.framework */; settings = {ATTRIBUTES = (CodeSignOnCopy, RemoveHeadersOnCopy, ); }; };
		F050583F2F10E14700C744C1 /* JLLogHelper.framework in Frameworks */ = {isa = PBXBuildFile; fileRef = F05058342F10E0FA00C744C1 /* JLLogHelper.framework */; };
		F05058402F10E14700C744C1 /* JLLogHelper.framework in Embed Frameworks */ = {isa = PBXBuildFile; fileRef = F05058342F10E0FA00C744C1 /* JLLogHelper.framework */; settings = {ATTRIBUTES = (CodeSignOnCopy, RemoveHeadersOnCopy, ); }; };
		F05058412F10E15600C744C1 /* JLBmpConvertKit.framework in Frameworks */ = {isa = PBXBuildFile; fileRef = F05058322F10E0FA00C744C1 /* JLBmpConvertKit.framework */; };
		F05058422F10E15600C744C1 /* JLBmpConvertKit.framework in Embed Frameworks */ = {isa = PBXBuildFile; fileRef = F05058322F10E0FA00C744C1 /* JLBmpConvertKit.framework */; settings = {ATTRIBUTES = (CodeSignOnCopy, RemoveHeadersOnCopy, ); }; };
		F05058432F10E16500C744C1 /* JL_OTALib.framework in Frameworks */ = {isa = PBXBuildFile; fileRef = F05058312F10E0FA00C744C1 /* JL_OTALib.framework */; };
		F05058442F10E16500C744C1 /* JL_OTALib.framework in Embed Frameworks */ = {isa = PBXBuildFile; fileRef = F05058312F10E0FA00C744C1 /* JL_OTALib.framework */; settings = {ATTRIBUTES = (CodeSignOnCopy, RemoveHeadersOnCopy, ); }; };
		F05058452F10E18100C744C1 /* JLDialUnit.framework in Frameworks */ = {isa = PBXBuildFile; fileRef = F05058332F10E0FA00C744C1 /* JLDialUnit.framework */; };
		F05058462F10E18100C744C1 /* JLDialUnit.framework in Embed Frameworks */ = {isa = PBXBuildFile; fileRef = F05058332F10E0FA00C744C1 /* JLDialUnit.framework */; settings = {ATTRIBUTES = (CodeSignOnCopy, RemoveHeadersOnCopy, ); }; };
		F05058472F10E19100C744C1 /* JL_HashPair.framework in Frameworks */ = {isa = PBXBuildFile; fileRef = F05058302F10E0FA00C744C1 /* JL_HashPair.framework */; };
		F05058482F10E19100C744C1 /* JL_HashPair.framework in Embed Frameworks */ = {isa = PBXBuildFile; fileRef = F05058302F10E0FA00C744C1 /* JL_HashPair.framework */; settings = {ATTRIBUTES = (CodeSignOnCopy, RemoveHeadersOnCopy, ); }; };
		F05058492F10E19D00C744C1 /* JL_BLEKit.framework in Frameworks */ = {isa = PBXBuildFile; fileRef = F050582F2F10E0FA00C744C1 /* JL_BLEKit.framework */; };
		F050584A2F10E19D00C744C1 /* JL_BLEKit.framework in Embed Frameworks */ = {isa = PBXBuildFile; fileRef = F050582F2F10E0FA00C744C1 /* JL_BLEKit.framework */; settings = {ATTRIBUTES = (CodeSignOnCopy, RemoveHeadersOnCopy, ); }; };
		F0DA9AAD2B3585AD00B55989 /* AppDelegate.m in Sources */ = {isa = PBXBuildFile; fileRef = F0DA9AAC2B3585AD00B55989 /* AppDelegate.m */; };
		F0DA9AB32B3585AD00B55989 /* ViewController.m in Sources */ = {isa = PBXBuildFile; fileRef = F0DA9AB22B3585AD00B55989 /* ViewController.m */; };
		F0DA9AB62B3585AD00B55989 /* Main.storyboard in Resources */ = {isa = PBXBuildFile; fileRef = F0DA9AB42B3585AD00B55989 /* Main.storyboard */; };
		F0DA9AB82B3585B200B55989 /* Assets.xcassets in Resources */ = {isa = PBXBuildFile; fileRef = F0DA9AB72B3585B200B55989 /* Assets.xcassets */; };
		F0DA9ABB2B3585B200B55989 /* LaunchScreen.storyboard in Resources */ = {isa = PBXBuildFile; fileRef = F0DA9AB92B3585B200B55989 /* LaunchScreen.storyboard */; };
		F0DA9ABE2B3585B200B55989 /* main.m in Sources */ = {isa = PBXBuildFile; fileRef = F0DA9ABD2B3585B200B55989 /* main.m */; };
/* End PBXBuildFile section */

/* Begin PBXCopyFilesBuildPhase section */
		F050583E2F10E12600C744C1 /* Embed Frameworks */ = {
			isa = PBXCopyFilesBuildPhase;
			buildActionMask = 2147483647;
			dstPath = "";
			dstSubfolderSpec = 10;
			files = (
				F05058482F10E19100C744C1 /* JL_HashPair.framework in Embed Frameworks */,
				F05058422F10E15600C744C1 /* JLBmpConvertKit.framework in Embed Frameworks */,
				F050584A2F10E19D00C744C1 /* JL_BLEKit.framework in Embed Frameworks */,
				F05058462F10E18100C744C1 /* JLDialUnit.framework in Embed Frameworks */,
				F050583D2F10E12600C744C1 /* JL_AdvParse.framework in Embed Frameworks */,
				F05058402F10E14700C744C1 /* JLLogHelper.framework in Embed Frameworks */,
				F05058442F10E16500C744C1 /* JL_OTALib.framework in Embed Frameworks */,
			);
			name = "Embed Frameworks";
			runOnlyForDeploymentPostprocessing = 0;
		};
/* End PBXCopyFilesBuildPhase section */

/* Begin PBXFileReference section */
		F050582E2F10E0FA00C744C1 /* JL_AdvParse.framework */ = {isa = PBXFileReference; lastKnownFileType = wrapper.framework; path = JL_AdvParse.framework; sourceTree = "<group>"; };
		F050582F2F10E0FA00C744C1 /* JL_BLEKit.framework */ = {isa = PBXFileReference; lastKnownFileType = wrapper.framework; path = JL_BLEKit.framework; sourceTree = "<group>"; };
		F05058302F10E0FA00C744C1 /* JL_HashPair.framework */ = {isa = PBXFileReference; lastKnownFileType = wrapper.framework; path = JL_HashPair.framework; sourceTree = "<group>"; };
		F05058312F10E0FA00C744C1 /* JL_OTALib.framework */ = {isa = PBXFileReference; lastKnownFileType = wrapper.framework; path = JL_OTALib.framework; sourceTree = "<group>"; };
		F05058322F10E0FA00C744C1 /* JLBmpConvertKit.framework */ = {isa = PBXFileReference; lastKnownFileType = wrapper.framework; path = JLBmpConvertKit.framework; sourceTree = "<group>"; };
		F05058332F10E0FA00C744C1 /* JLDialUnit.framework */ = {isa = PBXFileReference; lastKnownFileType = wrapper.framework; path = JLDialUnit.framework; sourceTree = "<group>"; };
		F05058342F10E0FA00C744C1 /* JLLogHelper.framework */ = {isa = PBXFileReference; lastKnownFileType = wrapper.framework; path = JLLogHelper.framework; sourceTree = "<group>"; };
		F0DA9AA82B3585AD00B55989 /* iOSOTAJL.app */ = {isa = PBXFileReference; explicitFileType = wrapper.application; includeInIndex = 0; path = iOSOTAJL.app; sourceTree = BUILT_PRODUCTS_DIR; };
		F0DA9AAB2B3585AD00B55989 /* AppDelegate.h */ = {isa = PBXFileReference; lastKnownFileType = sourcecode.c.h; path = AppDelegate.h; sourceTree = "<group>"; };
		F0DA9AAC2B3585AD00B55989 /* AppDelegate.m */ = {isa = PBXFileReference; lastKnownFileType = sourcecode.c.objc; path = AppDelegate.m; sourceTree = "<group>"; };
		F0DA9AB12B3585AD00B55989 /* ViewController.h */ = {isa = PBXFileReference; lastKnownFileType = sourcecode.c.h; path = ViewController.h; sourceTree = "<group>"; };
		F0DA9AB22B3585AD00B55989 /* ViewController.m */ = {isa = PBXFileReference; lastKnownFileType = sourcecode.c.objc; path = ViewController.m; sourceTree = "<group>"; };
		F0DA9AB52B3585AD00B55989 /* Base */ = {isa = PBXFileReference; lastKnownFileType = file.storyboard; name = Base; path = Base.lproj/Main.storyboard; sourceTree = "<group>"; };
		F0DA9AB72B3585B200B55989 /* Assets.xcassets */ = {isa = PBXFileReference; lastKnownFileType = folder.assetcatalog; path = Assets.xcassets; sourceTree = "<group>"; };
		F0DA9ABA2B3585B200B55989 /* Base */ = {isa = PBXFileReference; lastKnownFileType = file.storyboard; name = Base; path = Base.lproj/LaunchScreen.storyboard; sourceTree = "<group>"; };
		F0DA9ABC2B3585B200B55989 /* Info.plist */ = {isa = PBXFileReference; lastKnownFileType = text.plist.xml; path = Info.plist; sourceTree = "<group>"; };
		F0DA9ABD2B3585B200B55989 /* main.m */ = {isa = PBXFileReference; lastKnownFileType = sourcecode.c.objc; path = main.m; sourceTree = "<group>"; };
/* End PBXFileReference section */

/* Begin PBXFrameworksBuildPhase section */
		F0DA9AA52B3585AD00B55989 /* Frameworks */ = {
			isa = PBXFrameworksBuildPhase;
			buildActionMask = 2147483647;
			files = (
				F05058452F10E18100C744C1 /* JLDialUnit.framework in Frameworks */,
				F050583F2F10E14700C744C1 /* JLLogHelper.framework in Frameworks */,
				F05058492F10E19D00C744C1 /* JL_BLEKit.framework in Frameworks */,
				F05058412F10E15600C744C1 /* JLBmpConvertKit.framework in Frameworks */,
				F05058432F10E16500C744C1 /* JL_OTALib.framework in Frameworks */,
				F05058472F10E19100C744C1 /* JL_HashPair.framework in Frameworks */,
				F050583C2F10E12600C744C1 /* JL_AdvParse.framework in Frameworks */,
			);
			runOnlyForDeploymentPostprocessing = 0;
		};
/* End PBXFrameworksBuildPhase section */

/* Begin PBXGroup section */
		F0DA9A9F2B3585AD00B55989 = {
			isa = PBXGroup;
			children = (
				F0DA9AC52B3586E400B55989 /* vendored */,
				F0DA9AAA2B3585AD00B55989 /* iOSOTAJL */,
				F0DA9AA92B3585AD00B55989 /* Products */,
			);
			sourceTree = "<group>";
		};
		F0DA9AA92B3585AD00B55989 /* Products */ = {
			isa = PBXGroup;
			children = (
				F0DA9AA82B3585AD00B55989 /* iOSOTAJL.app */,
			);
			name = Products;
			sourceTree = "<group>";
		};
		F0DA9AAA2B3585AD00B55989 /* iOSOTAJL */ = {
			isa = PBXGroup;
			children = (
				F0DA9AAB2B3585AD00B55989 /* AppDelegate.h */,
				F0DA9AAC2B3585AD00B55989 /* AppDelegate.m */,
				F0DA9AB12B3585AD00B55989 /* ViewController.h */,
				F0DA9AB22B3585AD00B55989 /* ViewController.m */,
				F0DA9AB42B3585AD00B55989 /* Main.storyboard */,
				F0DA9AB72B3585B200B55989 /* Assets.xcassets */,
				F0DA9AB92B3585B200B55989 /* LaunchScreen.storyboard */,
				F0DA9ABC2B3585B200B55989 /* Info.plist */,
				F0DA9ABD2B3585B200B55989 /* main.m */,
			);
			path = iOSOTAJL;
			sourceTree = "<group>";
		};
		F0DA9AC52B3586E400B55989 /* vendored */ = {
			isa = PBXGroup;
			children = (
				F050582E2F10E0FA00C744C1 /* JL_AdvParse.framework */,
				F050582F2F10E0FA00C744C1 /* JL_BLEKit.framework */,
				F05058302F10E0FA00C744C1 /* JL_HashPair.framework */,
				F05058312F10E0FA00C744C1 /* JL_OTALib.framework */,
				F05058322F10E0FA00C744C1 /* JLBmpConvertKit.framework */,
				F05058332F10E0FA00C744C1 /* JLDialUnit.framework */,
				F05058342F10E0FA00C744C1 /* JLLogHelper.framework */,
			);
			path = vendored;
			sourceTree = "<group>";
		};
/* End PBXGroup section */

/* Begin PBXNativeTarget section */
		F0DA9AA72B3585AD00B55989 /* iOSOTAJL */ = {
			isa = PBXNativeTarget;
			buildConfigurationList = F0DA9AC12B3585B200B55989 /* Build configuration list for PBXNativeTarget "iOSOTAJL" */;
			buildPhases = (
				F0DA9AA42B3585AD00B55989 /* Sources */,
				F0DA9AA52B3585AD00B55989 /* Frameworks */,
				F0DA9AA62B3585AD00B55989 /* Resources */,
				F050583E2F10E12600C744C1 /* Embed Frameworks */,
			);
			buildRules = (
			);
			dependencies = (
			);
			name = iOSOTAJL;
			productName = iOSOTAJL;
			productReference = F0DA9AA82B3585AD00B55989 /* iOSOTAJL.app */;
			productType = "com.apple.product-type.application";
		};
/* End PBXNativeTarget section */

/* Begin PBXProject section */
		F0DA9AA02B3585AD00B55989 /* Project object */ = {
			isa = PBXProject;
			attributes = {
				BuildIndependentTargetsInParallel = 1;
				LastUpgradeCheck = 1500;
				TargetAttributes = {
					F0DA9AA72B3585AD00B55989 = {
						CreatedOnToolsVersion = 15.0.1;
					};
				};
			};
			buildConfigurationList = F0DA9AA32B3585AD00B55989 /* Build configuration list for PBXProject "iOSOTAJL" */;
			compatibilityVersion = "Xcode 13.0";
			developmentRegion = en;
			hasScannedForEncodings = 0;
			knownRegions = (
				en,
				Base,
			);
			mainGroup = F0DA9A9F2B3585AD00B55989;
			productRefGroup = F0DA9AA92B3585AD00B55989 /* Products */;
			projectDirPath = "";
			projectRoot = "";
			targets = (
				F0DA9AA72B3585AD00B55989 /* iOSOTAJL */,
			);
		};
/* End PBXProject section */

/* Begin PBXResourcesBuildPhase section */
		F0DA9AA62B3585AD00B55989 /* Resources */ = {
			isa = PBXResourcesBuildPhase;
			buildActionMask = 2147483647;
			files = (
				F0DA9ABB2B3585B200B55989 /* LaunchScreen.storyboard in Resources */,
				F0DA9AB82B3585B200B55989 /* Assets.xcassets in Resources */,
				F0DA9AB62B3585AD00B55989 /* Main.storyboard in Resources */,
			);
			runOnlyForDeploymentPostprocessing = 0;
		};
/* End PBXResourcesBuildPhase section */

/* Begin PBXSourcesBuildPhase section */
		F0DA9AA42B3585AD00B55989 /* Sources */ = {
			isa = PBXSourcesBuildPhase;
			buildActionMask = 2147483647;
			files = (
				F0DA9AB32B3585AD00B55989 /* ViewController.m in Sources */,
				F0DA9AAD2B3585AD00B55989 /* AppDelegate.m in Sources */,
				F0DA9ABE2B3585B200B55989 /* main.m in Sources */,
			);
			runOnlyForDeploymentPostprocessing = 0;
		};
/* End PBXSourcesBuildPhase section */

/* Begin PBXVariantGroup section */
		F0DA9AB42B3585AD00B55989 /* Main.storyboard */ = {
			isa = PBXVariantGroup;
			children = (
				F0DA9AB52B3585AD00B55989 /* Base */,
			);
			name = Main.storyboard;
			sourceTree = "<group>";
		};
		F0DA9AB92B3585B200B55989 /* LaunchScreen.storyboard */ = {
			isa = PBXVariantGroup;
			children = (
				F0DA9ABA2B3585B200B55989 /* Base */,
			);
			name = LaunchScreen.storyboard;
			sourceTree = "<group>";
		};
/* End PBXVariantGroup section */

/* Begin XCBuildConfiguration section */
		F0DA9ABF2B3585B200B55989 /* Debug */ = {
			isa = XCBuildConfiguration;
			buildSettings = {
				ALWAYS_SEARCH_USER_PATHS = NO;
				ASSETCATALOG_COMPILER_GENERATE_SWIFT_ASSET_SYMBOL_EXTENSIONS = YES;
				CLANG_ANALYZER_NONNULL = YES;
				CLANG_ANALYZER_NUMBER_OBJECT_CONVERSION = YES_AGGRESSIVE;
				CLANG_CXX_LANGUAGE_STANDARD = "gnu++20";
				CLANG_ENABLE_MODULES = YES;
				CLANG_ENABLE_OBJC_ARC = YES;
				CLANG_ENABLE_OBJC_WEAK = YES;
				CLANG_WARN_BLOCK_CAPTURE_AUTORELEASING = YES;
				CLANG_WARN_BOOL_CONVERSION = YES;
				CLANG_WARN_COMMA = YES;
				CLANG_WARN_CONSTANT_CONVERSION = YES;
				CLANG_WARN_DEPRECATED_OBJC_IMPLEMENTATIONS = YES;
				CLANG_WARN_DIRECT_OBJC_ISA_USAGE = YES_ERROR;
				CLANG_WARN_DOCUMENTATION_COMMENTS = YES;
				CLANG_WARN_EMPTY_BODY = YES;
				CLANG_WARN_ENUM_CONVERSION = YES;
				CLANG_WARN_INFINITE_RECURSION = YES;
				CLANG_WARN_INT_CONVERSION = YES;
				CLANG_WARN_NON_LITERAL_NULL_CONVERSION = YES;
				CLANG_WARN_OBJC_IMPLICIT_RETAIN_SELF = YES;
				CLANG_WARN_OBJC_LITERAL_CONVERSION = YES;
				CLANG_WARN_OBJC_ROOT_CLASS = YES_ERROR;
				CLANG_WARN_QUOTED_INCLUDE_IN_FRAMEWORK_HEADER = YES;
				CLANG_WARN_RANGE_LOOP_ANALYSIS = YES;
				CLANG_WARN_STRICT_PROTOTYPES = YES;
				CLANG_WARN_SUSPICIOUS_MOVE = YES;
				CLANG_WARN_UNGUARDED_AVAILABILITY = YES_AGGRESSIVE;
				CLANG_WARN_UNREACHABLE_CODE = YES;
				CLANG_WARN__DUPLICATE_METHOD_MATCH = YES;
				COPY_PHASE_STRIP = NO;
				DEBUG_INFORMATION_FORMAT = dwarf;
				ENABLE_STRICT_OBJC_MSGSEND = YES;
				ENABLE_TESTABILITY = YES;
				ENABLE_USER_SCRIPT_SANDBOXING = YES;
				GCC_C_LANGUAGE_STANDARD = gnu17;
				GCC_DYNAMIC_NO_PIC = NO;
				GCC_NO_COMMON_BLOCKS = YES;
				GCC_OPTIMIZATION_LEVEL = 0;
				GCC_PREPROCESSOR_DEFINITIONS = (
					"DEBUG=1",
					"$(inherited)",
				);
				GCC_WARN_64_TO_32_BIT_CONVERSION = YES;
				GCC_WARN_ABOUT_RETURN_TYPE = YES_ERROR;
				GCC_WARN_UNDECLARED_SELECTOR = YES;
				GCC_WARN_UNINITIALIZED_AUTOS = YES_AGGRESSIVE;
				GCC_WARN_UNUSED_FUNCTION = YES;
				GCC_WARN_UNUSED_VARIABLE = YES;
				IPHONEOS_DEPLOYMENT_TARGET = 11.0;
				LOCALIZATION_PREFERS_STRING_CATALOGS = YES;
				MTL_ENABLE_DEBUG_INFO = INCLUDE_SOURCE;
				MTL_FAST_MATH = YES;
				ONLY_ACTIVE_ARCH = YES;
				SDKROOT = iphoneos;
			};
			name = Debug;
		};
		F0DA9AC02B3585B200B55989 /* Release */ = {
			isa = XCBuildConfiguration;
			buildSettings = {
				ALWAYS_SEARCH_USER_PATHS = NO;
				ASSETCATALOG_COMPILER_GENERATE_SWIFT_ASSET_SYMBOL_EXTENSIONS = YES;
				CLANG_ANALYZER_NONNULL = YES;
				CLANG_ANALYZER_NUMBER_OBJECT_CONVERSION = YES_AGGRESSIVE;
				CLANG_CXX_LANGUAGE_STANDARD = "gnu++20";
				CLANG_ENABLE_MODULES = YES;
				CLANG_ENABLE_OBJC_ARC = YES;
				CLANG_ENABLE_OBJC_WEAK = YES;
				CLANG_WARN_BLOCK_CAPTURE_AUTORELEASING = YES;
				CLANG_WARN_BOOL_CONVERSION = YES;
				CLANG_WARN_COMMA = YES;
				CLANG_WARN_CONSTANT_CONVERSION = YES;
				CLANG_WARN_DEPRECATED_OBJC_IMPLEMENTATIONS = YES;
				CLANG_WARN_DIRECT_OBJC_ISA_USAGE = YES_ERROR;
				CLANG_WARN_DOCUMENTATION_COMMENTS = YES;
				CLANG_WARN_EMPTY_BODY = YES;
				CLANG_WARN_ENUM_CONVERSION = YES;
				CLANG_WARN_INFINITE_RECURSION = YES;
				CLANG_WARN_INT_CONVERSION = YES;
				CLANG_WARN_NON_LITERAL_NULL_CONVERSION = YES;
				CLANG_WARN_OBJC_IMPLICIT_RETAIN_SELF = YES;
				CLANG_WARN_OBJC_LITERAL_CONVERSION = YES;
				CLANG_WARN_OBJC_ROOT_CLASS = YES_ERROR;
				CLANG_WARN_QUOTED_INCLUDE_IN_FRAMEWORK_HEADER = YES;
				CLANG_WARN_RANGE_LOOP_ANALYSIS = YES;
				CLANG_WARN_STRICT_PROTOTYPES = YES;
				CLANG_WARN_SUSPICIOUS_MOVE = YES;
				CLANG_WARN_UNGUARDED_AVAILABILITY = YES_AGGRESSIVE;
				CLANG_WARN_UNREACHABLE_CODE = YES;
				CLANG_WARN__DUPLICATE_METHOD_MATCH = YES;
				COPY_PHASE_STRIP = NO;
				DEBUG_INFORMATION_FORMAT = "dwarf-with-dsym";
				ENABLE_NS_ASSERTIONS = NO;
				ENABLE_STRICT_OBJC_MSGSEND = YES;
				ENABLE_USER_SCRIPT_SANDBOXING = YES;
				GCC_C_LANGUAGE_STANDARD = gnu17;
				GCC_NO_COMMON_BLOCKS = YES;
				GCC_WARN_64_TO_32_BIT_CONVERSION = YES;
				GCC_WARN_ABOUT_RETURN_TYPE = YES_ERROR;
				GCC_WARN_UNDECLARED_SELECTOR = YES;
				GCC_WARN_UNINITIALIZED_AUTOS = YES_AGGRESSIVE;
				GCC_WARN_UNUSED_FUNCTION = YES;
				GCC_WARN_UNUSED_VARIABLE = YES;
				IPHONEOS_DEPLOYMENT_TARGET = 11.0;
				LOCALIZATION_PREFERS_STRING_CATALOGS = YES;
				MTL_ENABLE_DEBUG_INFO = NO;
				MTL_FAST_MATH = YES;
				SDKROOT = iphoneos;
				VALIDATE_PRODUCT = YES;
			};
			name = Release;
		};
		F0DA9AC22B3585B200B55989 /* Debug */ = {
			isa = XCBuildConfiguration;
			buildSettings = {
				ASSETCATALOG_COMPILER_APPICON_NAME = AppIcon;
				ASSETCATALOG_COMPILER_GLOBAL_ACCENT_COLOR_NAME = AccentColor;
				CODE_SIGN_STYLE = Automatic;
				CURRENT_PROJECT_VERSION = 1.2.0.0;
				DEVELOPMENT_TEAM = J34C74RF3H;
				FRAMEWORK_SEARCH_PATHS = (
					"$(inherited)",
					"$(PROJECT_DIR)/vendored",
				);
				GENERATE_INFOPLIST_FILE = YES;
				INFOPLIST_FILE = iOSOTAJL/Info.plist;
				INFOPLIST_KEY_UIApplicationSupportsIndirectInputEvents = YES;
				INFOPLIST_KEY_UILaunchStoryboardName = LaunchScreen;
				INFOPLIST_KEY_UIMainStoryboardFile = Main;
				INFOPLIST_KEY_UISupportedInterfaceOrientations_iPad = "UIInterfaceOrientationPortrait UIInterfaceOrientationPortraitUpsideDown UIInterfaceOrientationLandscapeLeft UIInterfaceOrientationLandscapeRight";
				INFOPLIST_KEY_UISupportedInterfaceOrientations_iPhone = "UIInterfaceOrientationPortrait UIInterfaceOrientationLandscapeLeft UIInterfaceOrientationLandscapeRight";
				IPHONEOS_DEPLOYMENT_TARGET = 12.0;
				LD_RUNPATH_SEARCH_PATHS = (
					"$(inherited)",
					"@executable_path/Frameworks",
				);
				MARKETING_VERSION = 1.2.0;
				PRODUCT_BUNDLE_IDENTIFIER = cn.iOSOTAJL.ute;
				PRODUCT_NAME = "$(TARGET_NAME)";
				SWIFT_EMIT_LOC_STRINGS = YES;
				TARGETED_DEVICE_FAMILY = "1,2";
			};
			name = Debug;
		};
		F0DA9AC32B3585B200B55989 /* Release */ = {
			isa = XCBuildConfiguration;
			buildSettings = {
				ASSETCATALOG_COMPILER_APPICON_NAME = AppIcon;
				ASSETCATALOG_COMPILER_GLOBAL_ACCENT_COLOR_NAME = AccentColor;
				CODE_SIGN_STYLE = Automatic;
				CURRENT_PROJECT_VERSION = 1.2.0.0;
				DEVELOPMENT_TEAM = J34C74RF3H;
				FRAMEWORK_SEARCH_PATHS = (
					"$(inherited)",
					"$(PROJECT_DIR)/vendored",
				);
				GENERATE_INFOPLIST_FILE = YES;
				INFOPLIST_FILE = iOSOTAJL/Info.plist;
				INFOPLIST_KEY_UIApplicationSupportsIndirectInputEvents = YES;
				INFOPLIST_KEY_UILaunchStoryboardName = LaunchScreen;
				INFOPLIST_KEY_UIMainStoryboardFile = Main;
				INFOPLIST_KEY_UISupportedInterfaceOrientations_iPad = "UIInterfaceOrientationPortrait UIInterfaceOrientationPortraitUpsideDown UIInterfaceOrientationLandscapeLeft UIInterfaceOrientationLandscapeRight";
				INFOPLIST_KEY_UISupportedInterfaceOrientations_iPhone = "UIInterfaceOrientationPortrait UIInterfaceOrientationLandscapeLeft UIInterfaceOrientationLandscapeRight";
				IPHONEOS_DEPLOYMENT_TARGET = 12.0;
				LD_RUNPATH_SEARCH_PATHS = (
					"$(inherited)",
					"@executable_path/Frameworks",
				);
				MARKETING_VERSION = 1.2.0;
				PRODUCT_BUNDLE_IDENTIFIER = cn.iOSOTAJL.ute;
				PRODUCT_NAME = "$(TARGET_NAME)";
				SWIFT_EMIT_LOC_STRINGS = YES;
				TARGETED_DEVICE_FAMILY = "1,2";
			};
			name = Release;
		};
/* End XCBuildConfiguration section */

/* Begin XCConfigurationList section */
		F0DA9AA32B3585AD00B55989 /* Build configuration list for PBXProject "iOSOTAJL" */ = {
			isa = XCConfigurationList;
			buildConfigurations = (
				F0DA9ABF2B3585B200B55989 /* Debug */,
				F0DA9AC02B3585B200B55989 /* Release */,
			);
			defaultConfigurationIsVisible = 0;
			defaultConfigurationName = Release;
		};
		F0DA9AC12B3585B200B55989 /* Build configuration list for PBXNativeTarget "iOSOTAJL" */ = {
			isa = XCConfigurationList;
			buildConfigurations = (
				F0DA9AC22B3585B200B55989 /* Debug */,
				F0DA9AC32B3585B200B55989 /* Release */,
			);
			defaultConfigurationIsVisible = 0;
			defaultConfigurationName = Release;
		};
/* End XCConfigurationList section */
	};
	rootObject = F0DA9AA02B3585AD00B55989 /* Project object */;
}
